// !$*UTF8*$!
{
	archiveVersion = 1;
	classes = {
	};
	objectVersion = 50;
	objects = {

/* Begin PBXBuildFile section */
		A92E252721B2D03C0011F8F0 /* Alerts.swift in Sources */ = {isa = PBXBuildFile; fileRef = A92E252621B2D03C0011F8F0 /* Alerts.swift */; };
		A92E252921B41D130011F8F0 /* ParseErrorResponse.swift in Sources */ = {isa = PBXBuildFile; fileRef = A92E252821B41D130011F8F0 /* ParseErrorResponse.swift */; };
		A92E252B21B42BB10011F8F0 /* AddLocationVC.swift in Sources */ = {isa = PBXBuildFile; fileRef = A92E252A21B42BB10011F8F0 /* AddLocationVC.swift */; };
		A92E252D21B42DEB0011F8F0 /* Utilities.swift in Sources */ = {isa = PBXBuildFile; fileRef = A92E252C21B42DEB0011F8F0 /* Utilities.swift */; };
		A92E252F21B5CFF20011F8F0 /* PostLocationResponse.swift in Sources */ = {isa = PBXBuildFile; fileRef = A92E252E21B5CFF20011F8F0 /* PostLocationResponse.swift */; };
		A92E253121B694360011F8F0 /* UserResponse.swift in Sources */ = {isa = PBXBuildFile; fileRef = A92E253021B694360011F8F0 /* UserResponse.swift */; };
		A92E253321B6AE020011F8F0 /* PostLocationRequest.swift in Sources */ = {isa = PBXBuildFile; fileRef = A92E253221B6AE020011F8F0 /* PostLocationRequest.swift */; };
		A92E253821B88D530011F8F0 /* tableViewVC.swift in Sources */ = {isa = PBXBuildFile; fileRef = A92E253721B88D530011F8F0 /* tableViewVC.swift */; };
		A952FC2B21BC7C3F00E24942 /* StudentInformation.swift in Sources */ = {isa = PBXBuildFile; fileRef = A952FC2A21BC7C3F00E24942 /* StudentInformation.swift */; };
		A952FC3021BC849800E24942 /* LogoutResponse.swift in Sources */ = {isa = PBXBuildFile; fileRef = A952FC2F21BC849800E24942 /* LogoutResponse.swift */; };
		A9A2A40D21B0419900FC2D17 /* LocationResponse.swift in Sources */ = {isa = PBXBuildFile; fileRef = A9A2A40C21B0419900FC2D17 /* LocationResponse.swift */; };
		A9A6FEC421AEBE8700941EF4 /* AppDelegate.swift in Sources */ = {isa = PBXBuildFile; fileRef = A9A6FEC321AEBE8700941EF4 /* AppDelegate.swift */; };
		A9A6FEC621AEBE8700941EF4 /* LoginVC.swift in Sources */ = {isa = PBXBuildFile; fileRef = A9A6FEC521AEBE8700941EF4 /* LoginVC.swift */; };
		A9A6FEC921AEBE8700941EF4 /* Main.storyboard in Resources */ = {isa = PBXBuildFile; fileRef = A9A6FEC721AEBE8700941EF4 /* Main.storyboard */; };
		A9A6FECB21AEBE8800941EF4 /* Assets.xcassets in Resources */ = {isa = PBXBuildFile; fileRef = A9A6FECA21AEBE8800941EF4 /* Assets.xcassets */; };
		A9A6FECE21AEBE8800941EF4 /* LaunchScreen.storyboard in Resources */ = {isa = PBXBuildFile; fileRef = A9A6FECC21AEBE8800941EF4 /* LaunchScreen.storyboard */; };
		A9A6FED921AEBE8800941EF4 /* OnTheMapTests.swift in Sources */ = {isa = PBXBuildFile; fileRef = A9A6FED821AEBE8800941EF4 /* OnTheMapTests.swift */; };
		A9A6FEE421AEBE8800941EF4 /* OnTheMapUITests.swift in Sources */ = {isa = PBXBuildFile; fileRef = A9A6FEE321AEBE8800941EF4 /* OnTheMapUITests.swift */; };
		A9A6FEF921AED61600941EF4 /* LoginClient.swift in Sources */ = {isa = PBXBuildFile; fileRef = A9A6FEF821AED61600941EF4 /* LoginClient.swift */; };
		A9A6FEFC21AED9D700941EF4 /* LoginRequest.swift in Sources */ = {isa = PBXBuildFile; fileRef = A9A6FEFB21AED9D700941EF4 /* LoginRequest.swift */; };
		A9A6FEFF21AEF81C00941EF4 /* LoginResponse.swift in Sources */ = {isa = PBXBuildFile; fileRef = A9A6FEFE21AEF81C00941EF4 /* LoginResponse.swift */; };
		A9A6FF0121AEFA9900941EF4 /* LoginErrorResponse.swift in Sources */ = {isa = PBXBuildFile; fileRef = A9A6FF0021AEFA9900941EF4 /* LoginErrorResponse.swift */; };
		A9A6FF0421B00B8600941EF4 /* CustomError.swift in Sources */ = {isa = PBXBuildFile; fileRef = A9A6FF0321B00B8600941EF4 /* CustomError.swift */; };
		A9A6FF0621B01B5A00941EF4 /* ParseClient.swift in Sources */ = {isa = PBXBuildFile; fileRef = A9A6FF0521B01B5A00941EF4 /* ParseClient.swift */; };
		A9A6FF0821B01E7E00941EF4 /* MapVC.swift in Sources */ = {isa = PBXBuildFile; fileRef = A9A6FF0721B01E7E00941EF4 /* MapVC.swift */; };
/* End PBXBuildFile section */

/* Begin PBXContainerItemProxy section */
		A9A6FED521AEBE8800941EF4 /* PBXContainerItemProxy */ = {
			isa = PBXContainerItemProxy;
			containerPortal = A9A6FEB821AEBE8700941EF4 /* Project object */;
			proxyType = 1;
			remoteGlobalIDString = A9A6FEBF21AEBE8700941EF4;
			remoteInfo = OnTheMap;
		};
		A9A6FEE021AEBE8800941EF4 /* PBXContainerItemProxy */ = {
			isa = PBXContainerItemProxy;
			containerPortal = A9A6FEB821AEBE8700941EF4 /* Project object */;
			proxyType = 1;
			remoteGlobalIDString = A9A6FEBF21AEBE8700941EF4;
			remoteInfo = OnTheMap;
		};
/* End PBXContainerItemProxy section */

/* Begin PBXFileReference section */
		A92E252621B2D03C0011F8F0 /* Alerts.swift */ = {isa = PBXFileReference; lastKnownFileType = sourcecode.swift; path = Alerts.swift; sourceTree = "<group>"; };
		A92E252821B41D130011F8F0 /* ParseErrorResponse.swift */ = {isa = PBXFileReference; lastKnownFileType = sourcecode.swift; path = ParseErrorResponse.swift; sourceTree = "<group>"; };
		A92E252A21B42BB10011F8F0 /* AddLocationVC.swift */ = {isa = PBXFileReference; lastKnownFileType = sourcecode.swift; path = AddLocationVC.swift; sourceTree = "<group>"; };
		A92E252C21B42DEB0011F8F0 /* Utilities.swift */ = {isa = PBXFileReference; lastKnownFileType = sourcecode.swift; path = Utilities.swift; sourceTree = "<group>"; };
		A92E252E21B5CFF20011F8F0 /* PostLocationResponse.swift */ = {isa = PBXFileReference; lastKnownFileType = sourcecode.swift; path = PostLocationResponse.swift; sourceTree = "<group>"; };
		A92E253021B694360011F8F0 /* UserResponse.swift */ = {isa = PBXFileReference; lastKnownFileType = sourcecode.swift; path = UserResponse.swift; sourceTree = "<group>"; };
		A92E253221B6AE020011F8F0 /* PostLocationRequest.swift */ = {isa = PBXFileReference; lastKnownFileType = sourcecode.swift; path = PostLocationRequest.swift; sourceTree = "<group>"; };
		A92E253721B88D530011F8F0 /* tableViewVC.swift */ = {isa = PBXFileReference; lastKnownFileType = sourcecode.swift; path = tableViewVC.swift; sourceTree = "<group>"; };
		A952FC2A21BC7C3F00E24942 /* StudentInformation.swift */ = {isa = PBXFileReference; lastKnownFileType = sourcecode.swift; path = StudentInformation.swift; sourceTree = "<group>"; };
		A952FC2F21BC849800E24942 /* LogoutResponse.swift */ = {isa = PBXFileReference; lastKnownFileType = sourcecode.swift; path = LogoutResponse.swift; sourceTree = "<group>"; };
		A9A2A40C21B0419900FC2D17 /* LocationResponse.swift */ = {isa = PBXFileReference; lastKnownFileType = sourcecode.swift; path = LocationResponse.swift; sourceTree = "<group>"; };
		A9A6FEC021AEBE8700941EF4 /* OnTheMap.app */ = {isa = PBXFileReference; explicitFileType = wrapper.application; includeInIndex = 0; path = OnTheMap.app; sourceTree = BUILT_PRODUCTS_DIR; };
		A9A6FEC321AEBE8700941EF4 /* AppDelegate.swift */ = {isa = PBXFileReference; lastKnownFileType = sourcecode.swift; path = AppDelegate.swift; sourceTree = "<group>"; };
		A9A6FEC521AEBE8700941EF4 /* LoginVC.swift */ = {isa = PBXFileReference; lastKnownFileType = sourcecode.swift; path = LoginVC.swift; sourceTree = "<group>"; };
		A9A6FEC821AEBE8700941EF4 /* Base */ = {isa = PBXFileReference; lastKnownFileType = file.storyboard; name = Base; path = Base.lproj/Main.storyboard; sourceTree = "<group>"; };
		A9A6FECA21AEBE8800941EF4 /* Assets.xcassets */ = {isa = PBXFileReference; lastKnownFileType = folder.assetcatalog; path = Assets.xcassets; sourceTree = "<group>"; };
		A9A6FECD21AEBE8800941EF4 /* Base */ = {isa = PBXFileReference; lastKnownFileType = file.storyboard; name = Base; path = Base.lproj/LaunchScreen.storyboard; sourceTree = "<group>"; };
		A9A6FECF21AEBE8800941EF4 /* Info.plist */ = {isa = PBXFileReference; lastKnownFileType = text.plist.xml; path = Info.plist; sourceTree = "<group>"; };
		A9A6FED421AEBE8800941EF4 /* OnTheMapTests.xctest */ = {isa = PBXFileReference; explicitFileType = wrapper.cfbundle; includeInIndex = 0; path = OnTheMapTests.xctest; sourceTree = BUILT_PRODUCTS_DIR; };
		A9A6FED821AEBE8800941EF4 /* OnTheMapTests.swift */ = {isa = PBXFileReference; lastKnownFileType = sourcecode.swift; path = OnTheMapTests.swift; sourceTree = "<group>"; };
		A9A6FEDA21AEBE8800941EF4 /* Info.plist */ = {isa = PBXFileReference; lastKnownFileType = text.plist.xml; path = Info.plist; sourceTree = "<group>"; };
		A9A6FEDF21AEBE8800941EF4 /* OnTheMapUITests.xctest */ = {isa = PBXFileReference; explicitFileType = wrapper.cfbundle; includeInIndex = 0; path = OnTheMapUITests.xctest; sourceTree = BUILT_PRODUCTS_DIR; };
		A9A6FEE321AEBE8800941EF4 /* OnTheMapUITests.swift */ = {isa = PBXFileReference; lastKnownFileType = sourcecode.swift; path = OnTheMapUITests.swift; sourceTree = "<group>"; };
		A9A6FEE521AEBE8800941EF4 /* Info.plist */ = {isa = PBXFileReference; lastKnownFileType = text.plist.xml; path = Info.plist; sourceTree = "<group>"; };
		A9A6FEF821AED61600941EF4 /* LoginClient.swift */ = {isa = PBXFileReference; lastKnownFileType = sourcecode.swift; path = LoginClient.swift; sourceTree = "<group>"; };
		A9A6FEFB21AED9D700941EF4 /* LoginRequest.swift */ = {isa = PBXFileReference; lastKnownFileType = sourcecode.swift; path = LoginRequest.swift; sourceTree = "<group>"; };
		A9A6FEFE21AEF81C00941EF4 /* LoginResponse.swift */ = {isa = PBXFileReference; lastKnownFileType = sourcecode.swift; path = LoginResponse.swift; sourceTree = "<group>"; };
		A9A6FF0021AEFA9900941EF4 /* LoginErrorResponse.swift */ = {isa = PBXFileReference; lastKnownFileType = sourcecode.swift; path = LoginErrorResponse.swift; sourceTree = "<group>"; };
		A9A6FF0321B00B8600941EF4 /* CustomError.swift */ = {isa = PBXFileReference; lastKnownFileType = sourcecode.swift; path = CustomError.swift; sourceTree = "<group>"; };
		A9A6FF0521B01B5A00941EF4 /* ParseClient.swift */ = {isa = PBXFileReference; lastKnownFileType = sourcecode.swift; path = ParseClient.swift; sourceTree = "<group>"; };
		A9A6FF0721B01E7E00941EF4 /* MapVC.swift */ = {isa = PBXFileReference; lastKnownFileType = sourcecode.swift; path = MapVC.swift; sourceTree = "<group>"; };
/* End PBXFileReference section */

/* Begin PBXFrameworksBuildPhase section */
		A9A6FEBD21AEBE8700941EF4 /* Frameworks */ = {
			isa = PBXFrameworksBuildPhase;
			buildActionMask = 2147483647;
			files = (
			);
			runOnlyForDeploymentPostprocessing = 0;
		};
		A9A6FED121AEBE8800941EF4 /* Frameworks */ = {
			isa = PBXFrameworksBuildPhase;
			buildActionMask = 2147483647;
			files = (
			);
			runOnlyForDeploymentPostprocessing = 0;
		};
		A9A6FEDC21AEBE8800941EF4 /* Frameworks */ = {
			isa = PBXFrameworksBuildPhase;
			buildActionMask = 2147483647;
			files = (
			);
			runOnlyForDeploymentPostprocessing = 0;
		};
/* End PBXFrameworksBuildPhase section */

/* Begin PBXGroup section */
		A92E252521B2D01B0011F8F0 /* Helper */ = {
			isa = PBXGroup;
			children = (
				A92E252621B2D03C0011F8F0 /* Alerts.swift */,
				A9A6FF0321B00B8600941EF4 /* CustomError.swift */,
				A92E252C21B42DEB0011F8F0 /* Utilities.swift */,
			);
			path = Helper;
			sourceTree = "<group>";
		};
		A92E253621B807B70011F8F0 /* NetworkServices */ = {
			isa = PBXGroup;
			children = (
				A9A6FEF821AED61600941EF4 /* LoginClient.swift */,
				A9A6FF0521B01B5A00941EF4 /* ParseClient.swift */,
			);
			path = NetworkServices;
			sourceTree = "<group>";
		};
		A952FC2C21BC7C4600E24942 /* Data */ = {
			isa = PBXGroup;
			children = (
				A952FC2A21BC7C3F00E24942 /* StudentInformation.swift */,
			);
			path = Data;
			sourceTree = "<group>";
		};
		A9A6FEB721AEBE8700941EF4 = {
			isa = PBXGroup;
			children = (
				A9A6FEC221AEBE8700941EF4 /* OnTheMap */,
				A9A6FED721AEBE8800941EF4 /* OnTheMapTests */,
				A9A6FEE221AEBE8800941EF4 /* OnTheMapUITests */,
				A9A6FEC121AEBE8700941EF4 /* Products */,
			);
			sourceTree = "<group>";
		};
		A9A6FEC121AEBE8700941EF4 /* Products */ = {
			isa = PBXGroup;
			children = (
				A9A6FEC021AEBE8700941EF4 /* OnTheMap.app */,
				A9A6FED421AEBE8800941EF4 /* OnTheMapTests.xctest */,
				A9A6FEDF21AEBE8800941EF4 /* OnTheMapUITests.xctest */,
			);
			name = Products;
			sourceTree = "<group>";
		};
		A9A6FEC221AEBE8700941EF4 /* OnTheMap */ = {
			isa = PBXGroup;
			children = (
				A9A6FEF321AEC4A600941EF4 /* Model */,
				A9A6FEF121AEC48300941EF4 /* View */,
				A9A6FEF221AEC49B00941EF4 /* Controller */,
				A92E253621B807B70011F8F0 /* NetworkServices */,
				A92E252521B2D01B0011F8F0 /* Helper */,
				A9A6FEF421AEC53700941EF4 /* Assets */,
				A9A6FECF21AEBE8800941EF4 /* Info.plist */,
				A9A6FEC321AEBE8700941EF4 /* AppDelegate.swift */,
			);
			path = OnTheMap;
			sourceTree = "<group>";
		};
		A9A6FED721AEBE8800941EF4 /* OnTheMapTests */ = {
			isa = PBXGroup;
			children = (
				A9A6FED821AEBE8800941EF4 /* OnTheMapTests.swift */,
				A9A6FEDA21AEBE8800941EF4 /* Info.plist */,
			);
			path = OnTheMapTests;
			sourceTree = "<group>";
		};
		A9A6FEE221AEBE8800941EF4 /* OnTheMapUITests */ = {
			isa = PBXGroup;
			children = (
				A9A6FEE321AEBE8800941EF4 /* OnTheMapUITests.swift */,
				A9A6FEE521AEBE8800941EF4 /* Info.plist */,
			);
			path = OnTheMapUITests;
			sourceTree = "<group>";
		};
		A9A6FEF121AEC48300941EF4 /* View */ = {
			isa = PBXGroup;
			children = (
			);
			path = View;
			sourceTree = "<group>";
		};
		A9A6FEF221AEC49B00941EF4 /* Controller */ = {
			isa = PBXGroup;
			children = (
				A9A6FEC521AEBE8700941EF4 /* LoginVC.swift */,
				A9A6FF0721B01E7E00941EF4 /* MapVC.swift */,
				A92E253721B88D530011F8F0 /* tableViewVC.swift */,
				A92E252A21B42BB10011F8F0 /* AddLocationVC.swift */,
			);
			path = Controller;
			sourceTree = "<group>";
		};
		A9A6FEF321AEC4A600941EF4 /* Model */ = {
			isa = PBXGroup;
			children = (
				A952FC2C21BC7C4600E24942 /* Data */,
				A9A6FEFA21AED9A400941EF4 /* RequestModel */,
				A9A6FEFD21AEE9A500941EF4 /* ResponseModel */,
			);
			path = Model;
			sourceTree = "<group>";
		};
		A9A6FEF421AEC53700941EF4 /* Assets */ = {
			isa = PBXGroup;
			children = (
				A9A6FEC721AEBE8700941EF4 /* Main.storyboard */,
				A9A6FECA21AEBE8800941EF4 /* Assets.xcassets */,
				A9A6FECC21AEBE8800941EF4 /* LaunchScreen.storyboard */,
			);
			path = Assets;
			sourceTree = "<group>";
		};
		A9A6FEFA21AED9A400941EF4 /* RequestModel */ = {
			isa = PBXGroup;
			children = (
				A9A6FEFB21AED9D700941EF4 /* LoginRequest.swift */,
				A92E253221B6AE020011F8F0 /* PostLocationRequest.swift */,
			);
			path = RequestModel;
			sourceTree = "<group>";
		};
		A9A6FEFD21AEE9A500941EF4 /* ResponseModel */ = {
			isa = PBXGroup;
			children = (
				A9A6FEFE21AEF81C00941EF4 /* LoginResponse.swift */,
				A952FC2F21BC849800E24942 /* LogoutResponse.swift */,
				A9A2A40C21B0419900FC2D17 /* LocationResponse.swift */,
				A9A6FF0021AEFA9900941EF4 /* LoginErrorResponse.swift */,
				A92E252821B41D130011F8F0 /* ParseErrorResponse.swift */,
				A92E252E21B5CFF20011F8F0 /* PostLocationResponse.swift */,
				A92E253021B694360011F8F0 /* UserResponse.swift */,
			);
			path = ResponseModel;
			sourceTree = "<group>";
		};
/* End PBXGroup section */

/* Begin PBXNativeTarget section */
		A9A6FEBF21AEBE8700941EF4 /* OnTheMap */ = {
			isa = PBXNativeTarget;
			buildConfigurationList = A9A6FEE821AEBE8800941EF4 /* Build configuration list for PBXNativeTarget "OnTheMap" */;
			buildPhases = (
				A9A6FEBC21AEBE8700941EF4 /* Sources */,
				A9A6FEBD21AEBE8700941EF4 /* Frameworks */,
				A9A6FEBE21AEBE8700941EF4 /* Resources */,
			);
			buildRules = (
			);
			dependencies = (
			);
			name = OnTheMap;
			productName = OnTheMap;
			productReference = A9A6FEC021AEBE8700941EF4 /* OnTheMap.app */;
			productType = "com.apple.product-type.application";
		};
		A9A6FED321AEBE8800941EF4 /* OnTheMapTests */ = {
			isa = PBXNativeTarget;
			buildConfigurationList = A9A6FEEB21AEBE8800941EF4 /* Build configuration list for PBXNativeTarget "OnTheMapTests" */;
			buildPhases = (
				A9A6FED021AEBE8800941EF4 /* Sources */,
				A9A6FED121AEBE8800941EF4 /* Frameworks */,
				A9A6FED221AEBE8800941EF4 /* Resources */,
			);
			buildRules = (
			);
			dependencies = (
				A9A6FED621AEBE8800941EF4 /* PBXTargetDependency */,
			);
			name = OnTheMapTests;
			productName = OnTheMapTests;
			productReference = A9A6FED421AEBE8800941EF4 /* OnTheMapTests.xctest */;
			productType = "com.apple.product-type.bundle.unit-test";
		};
		A9A6FEDE21AEBE8800941EF4 /* OnTheMapUITests */ = {
			isa = PBXNativeTarget;
			buildConfigurationList = A9A6FEEE21AEBE8800941EF4 /* Build configuration list for PBXNativeTarget "OnTheMapUITests" */;
			buildPhases = (
				A9A6FEDB21AEBE8800941EF4 /* Sources */,
				A9A6FEDC21AEBE8800941EF4 /* Frameworks */,
				A9A6FEDD21AEBE8800941EF4 /* Resources */,
			);
			buildRules = (
			);
			dependencies = (
				A9A6FEE121AEBE8800941EF4 /* PBXTargetDependency */,
			);
			name = OnTheMapUITests;
			productName = OnTheMapUITests;
			productReference = A9A6FEDF21AEBE8800941EF4 /* OnTheMapUITests.xctest */;
			productType = "com.apple.product-type.bundle.ui-testing";
		};
/* End PBXNativeTarget section */

/* Begin PBXProject section */
		A9A6FEB821AEBE8700941EF4 /* Project object */ = {
			isa = PBXProject;
			attributes = {
				LastSwiftUpdateCheck = 1010;
				LastUpgradeCheck = 1010;
				ORGANIZATIONNAME = "Peter Pohlmann";
				TargetAttributes = {
					A9A6FEBF21AEBE8700941EF4 = {
						CreatedOnToolsVersion = 10.1;
					};
					A9A6FED321AEBE8800941EF4 = {
						CreatedOnToolsVersion = 10.1;
						TestTargetID = A9A6FEBF21AEBE8700941EF4;
					};
					A9A6FEDE21AEBE8800941EF4 = {
						CreatedOnToolsVersion = 10.1;
						TestTargetID = A9A6FEBF21AEBE8700941EF4;
					};
				};
			};
			buildConfigurationList = A9A6FEBB21AEBE8700941EF4 /* Build configuration list for PBXProject "OnTheMap" */;
			compatibilityVersion = "Xcode 9.3";
			developmentRegion = en;
			hasScannedForEncodings = 0;
			knownRegions = (
				en,
				Base,
			);
			mainGroup = A9A6FEB721AEBE8700941EF4;
			productRefGroup = A9A6FEC121AEBE8700941EF4 /* Products */;
			projectDirPath = "";
			projectRoot = "";
			targets = (
				A9A6FEBF21AEBE8700941EF4 /* OnTheMap */,
				A9A6FED321AEBE8800941EF4 /* OnTheMapTests */,
				A9A6FEDE21AEBE8800941EF4 /* OnTheMapUITests */,
			);
		};
/* End PBXProject section */

/* Begin PBXResourcesBuildPhase section */
		A9A6FEBE21AEBE8700941EF4 /* Resources */ = {
			isa = PBXResourcesBuildPhase;
			buildActionMask = 2147483647;
			files = (
				A9A6FECE21AEBE8800941EF4 /* LaunchScreen.storyboard in Resources */,
				A9A6FECB21AEBE8800941EF4 /* Assets.xcassets in Resources */,
				A9A6FEC921AEBE8700941EF4 /* Main.storyboard in Resources */,
			);
			runOnlyForDeploymentPostprocessing = 0;
		};
		A9A6FED221AEBE8800941EF4 /* Resources */ = {
			isa = PBXResourcesBuildPhase;
			buildActionMask = 2147483647;
			files = (
			);
			runOnlyForDeploymentPostprocessing = 0;
		};
		A9A6FEDD21AEBE8800941EF4 /* Resources */ = {
			isa = PBXResourcesBuildPhase;
			buildActionMask = 2147483647;
			files = (
			);
			runOnlyForDeploymentPostprocessing = 0;
		};
/* End PBXResourcesBuildPhase section */

/* Begin PBXSourcesBuildPhase section */
		A9A6FEBC21AEBE8700941EF4 /* Sources */ = {
			isa = PBXSourcesBuildPhase;
			buildActionMask = 2147483647;
			files = (
				A9A6FF0421B00B8600941EF4 /* CustomError.swift in Sources */,
				A92E252B21B42BB10011F8F0 /* AddLocationVC.swift in Sources */,
				A92E253821B88D530011F8F0 /* tableViewVC.swift in Sources */,
				A92E252D21B42DEB0011F8F0 /* Utilities.swift in Sources */,
				A9A6FEC621AEBE8700941EF4 /* LoginVC.swift in Sources */,
				A9A6FF0121AEFA9900941EF4 /* LoginErrorResponse.swift in Sources */,
				A9A6FEFF21AEF81C00941EF4 /* LoginResponse.swift in Sources */,
				A9A2A40D21B0419900FC2D17 /* LocationResponse.swift in Sources */,
				A92E253321B6AE020011F8F0 /* PostLocationRequest.swift in Sources */,
				A9A6FEFC21AED9D700941EF4 /* LoginRequest.swift in Sources */,
				A9A6FEC421AEBE8700941EF4 /* AppDelegate.swift in Sources */,
				A9A6FF0621B01B5A00941EF4 /* ParseClient.swift in Sources */,
				A9A6FF0821B01E7E00941EF4 /* MapVC.swift in Sources */,
				A92E253121B694360011F8F0 /* UserResponse.swift in Sources */,
				A92E252721B2D03C0011F8F0 /* Alerts.swift in Sources */,
				A9A6FEF921AED61600941EF4 /* LoginClient.swift in Sources */,
				A92E252921B41D130011F8F0 /* ParseErrorResponse.swift in Sources */,
				A952FC3021BC849800E24942 /* LogoutResponse.swift in Sources */,
				A92E252F21B5CFF20011F8F0 /* PostLocationResponse.swift in Sources */,
				A952FC2B21BC7C3F00E24942 /* StudentInformation.swift in Sources */,
			);
			runOnlyForDeploymentPostprocessing = 0;
		};
		A9A6FED021AEBE8800941EF4 /* Sources */ = {
			isa = PBXSourcesBuildPhase;
			buildActionMask = 2147483647;
			files = (
				A9A6FED921AEBE8800941EF4 /* OnTheMapTests.swift in Sources */,
			);
			runOnlyForDeploymentPostprocessing = 0;
		};
		A9A6FEDB21AEBE8800941EF4 /* Sources */ = {
			isa = PBXSourcesBuildPhase;
			buildActionMask = 2147483647;
			files = (
				A9A6FEE421AEBE8800941EF4 /* OnTheMapUITests.swift in Sources */,
			);
			runOnlyForDeploymentPostprocessing = 0;
		};
/* End PBXSourcesBuildPhase section */

/* Begin PBXTargetDependency section */
		A9A6FED621AEBE8800941EF4 /* PBXTargetDependency */ = {
			isa = PBXTargetDependency;
			target = A9A6FEBF21AEBE8700941EF4 /* OnTheMap */;
			targetProxy = A9A6FED521AEBE8800941EF4 /* PBXContainerItemProxy */;
		};
		A9A6FEE121AEBE8800941EF4 /* PBXTargetDependency */ = {
			isa = PBXTargetDependency;
			target = A9A6FEBF21AEBE8700941EF4 /* OnTheMap */;
			targetProxy = A9A6FEE021AEBE8800941EF4 /* PBXContainerItemProxy */;
		};
/* End PBXTargetDependency section */

/* Begin PBXVariantGroup section */
		A9A6FEC721AEBE8700941EF4 /* Main.storyboard */ = {
			isa = PBXVariantGroup;
			children = (
				A9A6FEC821AEBE8700941EF4 /* Base */,
			);
			name = Main.storyboard;
			sourceTree = "<group>";
		};
		A9A6FECC21AEBE8800941EF4 /* LaunchScreen.storyboard */ = {
			isa = PBXVariantGroup;
			children = (
				A9A6FECD21AEBE8800941EF4 /* Base */,
			);
			name = LaunchScreen.storyboard;
			sourceTree = "<group>";
		};
/* End PBXVariantGroup section */

/* Begin XCBuildConfiguration section */
		A9A6FEE621AEBE8800941EF4 /* Debug */ = {
			isa = XCBuildConfiguration;
			buildSettings = {
				ALWAYS_SEARCH_USER_PATHS = NO;
				CLANG_ANALYZER_NONNULL = YES;
				CLANG_ANALYZER_NUMBER_OBJECT_CONVERSION = YES_AGGRESSIVE;
				CLANG_CXX_LANGUAGE_STANDARD = "gnu++14";
				CLANG_CXX_LIBRARY = "libc++";
				CLANG_ENABLE_MODULES = YES;
				CLANG_ENABLE_OBJC_ARC = YES;
				CLANG_ENABLE_OBJC_WEAK = YES;
				CLANG_WARN_BLOCK_CAPTURE_AUTORELEASING = YES;
				CLANG_WARN_BOOL_CONVERSION = YES;
				CLANG_WARN_COMMA = YES;
				CLANG_WARN_CONSTANT_CONVERSION = YES;
				CLANG_WARN_DEPRECATED_OBJC_IMPLEMENTATIONS = YES;
				CLANG_WARN_DIRECT_OBJC_ISA_USAGE = YES_ERROR;
				CLANG_WARN_DOCUMENTATION_COMMENTS = YES;
				CLANG_WARN_EMPTY_BODY = YES;
				CLANG_WARN_ENUM_CONVERSION = YES;
				CLANG_WARN_INFINITE_RECURSION = YES;
				CLANG_WARN_INT_CONVERSION = YES;
				CLANG_WARN_NON_LITERAL_NULL_CONVERSION = YES;
				CLANG_WARN_OBJC_IMPLICIT_RETAIN_SELF = YES;
				CLANG_WARN_OBJC_LITERAL_CONVERSION = YES;
				CLANG_WARN_OBJC_ROOT_CLASS = YES_ERROR;
				CLANG_WARN_RANGE_LOOP_ANALYSIS = YES;
				CLANG_WARN_STRICT_PROTOTYPES = YES;
				CLANG_WARN_SUSPICIOUS_MOVE = YES;
				CLANG_WARN_UNGUARDED_AVAILABILITY = YES_AGGRESSIVE;
				CLANG_WARN_UNREACHABLE_CODE = YES;
				CLANG_WARN__DUPLICATE_METHOD_MATCH = YES;
				CODE_SIGN_IDENTITY = "iPhone Developer";
				COPY_PHASE_STRIP = NO;
				DEBUG_INFORMATION_FORMAT = dwarf;
				ENABLE_STRICT_OBJC_MSGSEND = YES;
				ENABLE_TESTABILITY = YES;
				GCC_C_LANGUAGE_STANDARD = gnu11;
				GCC_DYNAMIC_NO_PIC = NO;
				GCC_NO_COMMON_BLOCKS = YES;
				GCC_OPTIMIZATION_LEVEL = 0;
				GCC_PREPROCESSOR_DEFINITIONS = (
					"DEBUG=1",
					"$(inherited)",
				);
				GCC_WARN_64_TO_32_BIT_CONVERSION = YES;
				GCC_WARN_ABOUT_RETURN_TYPE = YES_ERROR;
				GCC_WARN_UNDECLARED_SELECTOR = YES;
				GCC_WARN_UNINITIALIZED_AUTOS = YES_AGGRESSIVE;
				GCC_WARN_UNUSED_FUNCTION = YES;
				GCC_WARN_UNUSED_VARIABLE = YES;
				IPHONEOS_DEPLOYMENT_TARGET = 12.1;
				MTL_ENABLE_DEBUG_INFO = INCLUDE_SOURCE;
				MTL_FAST_MATH = YES;
				ONLY_ACTIVE_ARCH = YES;
				SDKROOT = iphoneos;
				SWIFT_ACTIVE_COMPILATION_CONDITIONS = DEBUG;
				SWIFT_OPTIMIZATION_LEVEL = "-Onone";
			};
			name = Debug;
		};
		A9A6FEE721AEBE8800941EF4 /* Release */ = {
			isa = XCBuildConfiguration;
			buildSettings = {
				ALWAYS_SEARCH_USER_PATHS = NO;
				CLANG_ANALYZER_NONNULL = YES;
				CLANG_ANALYZER_NUMBER_OBJECT_CONVERSION = YES_AGGRESSIVE;
				CLANG_CXX_LANGUAGE_STANDARD = "gnu++14";
				CLANG_CXX_LIBRARY = "libc++";
				CLANG_ENABLE_MODULES = YES;
				CLANG_ENABLE_OBJC_ARC = YES;
				CLANG_ENABLE_OBJC_WEAK = YES;
				CLANG_WARN_BLOCK_CAPTURE_AUTORELEASING = YES;
				CLANG_WARN_BOOL_CONVERSION = YES;
				CLANG_WARN_COMMA = YES;
				CLANG_WARN_CONSTANT_CONVERSION = YES;
				CLANG_WARN_DEPRECATED_OBJC_IMPLEMENTATIONS = YES;
				CLANG_WARN_DIRECT_OBJC_ISA_USAGE = YES_ERROR;
				CLANG_WARN_DOCUMENTATION_COMMENTS = YES;
				CLANG_WARN_EMPTY_BODY = YES;
				CLANG_WARN_ENUM_CONVERSION = YES;
				CLANG_WARN_INFINITE_RECURSION = YES;
				CLANG_WARN_INT_CONVERSION = YES;
				CLANG_WARN_NON_LITERAL_NULL_CONVERSION = YES;
				CLANG_WARN_OBJC_IMPLICIT_RETAIN_SELF = YES;
				CLANG_WARN_OBJC_LITERAL_CONVERSION = YES;
				CLANG_WARN_OBJC_ROOT_CLASS = YES_ERROR;
				CLANG_WARN_RANGE_LOOP_ANALYSIS = YES;
				CLANG_WARN_STRICT_PROTOTYPES = YES;
				CLANG_WARN_SUSPICIOUS_MOVE = YES;
				CLANG_WARN_UNGUARDED_AVAILABILITY = YES_AGGRESSIVE;
				CLANG_WARN_UNREACHABLE_CODE = YES;
				CLANG_WARN__DUPLICATE_METHOD_MATCH = YES;
				CODE_SIGN_IDENTITY = "iPhone Developer";
				COPY_PHASE_STRIP = NO;
				DEBUG_INFORMATION_FORMAT = "dwarf-with-dsym";
				ENABLE_NS_ASSERTIONS = NO;
				ENABLE_STRICT_OBJC_MSGSEND = YES;
				GCC_C_LANGUAGE_STANDARD = gnu11;
				GCC_NO_COMMON_BLOCKS = YES;
				GCC_WARN_64_TO_32_BIT_CONVERSION = YES;
				GCC_WARN_ABOUT_RETURN_TYPE = YES_ERROR;
				GCC_WARN_UNDECLARED_SELECTOR = YES;
				GCC_WARN_UNINITIALIZED_AUTOS = YES_AGGRESSIVE;
				GCC_WARN_UNUSED_FUNCTION = YES;
				GCC_WARN_UNUSED_VARIABLE = YES;
				IPHONEOS_DEPLOYMENT_TARGET = 12.1;
				MTL_ENABLE_DEBUG_INFO = NO;
				MTL_FAST_MATH = YES;
				SDKROOT = iphoneos;
				SWIFT_COMPILATION_MODE = wholemodule;
				SWIFT_OPTIMIZATION_LEVEL = "-O";
				VALIDATE_PRODUCT = YES;
			};
			name = Release;
		};
		A9A6FEE921AEBE8800941EF4 /* Debug */ = {
			isa = XCBuildConfiguration;
			buildSettings = {
				ASSETCATALOG_COMPILER_APPICON_NAME = AppIcon;
				CODE_SIGN_STYLE = Automatic;
				DEVELOPMENT_TEAM = 4RGRETYKQ9;
				INFOPLIST_FILE = OnTheMap/Info.plist;
				LD_RUNPATH_SEARCH_PATHS = (
					"$(inherited)",
					"@executable_path/Frameworks",
				);
				PRODUCT_BUNDLE_IDENTIFIER = solare.io.OnTheMap;
				PRODUCT_NAME = "$(TARGET_NAME)";
				SWIFT_VERSION = 4.2;
				TARGETED_DEVICE_FAMILY = "1,2";
			};
			name = Debug;
		};
		A9A6FEEA21AEBE8800941EF4 /* Release */ = {
			isa = XCBuildConfiguration;
			buildSettings = {
				ASSETCATALOG_COMPILER_APPICON_NAME = AppIcon;
				CODE_SIGN_STYLE = Automatic;
				DEVELOPMENT_TEAM = 4RGRETYKQ9;
				INFOPLIST_FILE = OnTheMap/Info.plist;
				LD_RUNPATH_SEARCH_PATHS = (
					"$(inherited)",
					"@executable_path/Frameworks",
				);
				PRODUCT_BUNDLE_IDENTIFIER = solare.io.OnTheMap;
				PRODUCT_NAME = "$(TARGET_NAME)";
				SWIFT_VERSION = 4.2;
				TARGETED_DEVICE_FAMILY = "1,2";
			};
			name = Release;
		};
		A9A6FEEC21AEBE8800941EF4 /* Debug */ = {
			isa = XCBuildConfiguration;
			buildSettings = {
				ALWAYS_EMBED_SWIFT_STANDARD_LIBRARIES = YES;
				BUNDLE_LOADER = "$(TEST_HOST)";
				CODE_SIGN_STYLE = Automatic;
				DEVELOPMENT_TEAM = 4RGRETYKQ9;
				INFOPLIST_FILE = OnTheMapTests/Info.plist;
				LD_RUNPATH_SEARCH_PATHS = (
					"$(inherited)",
					"@executable_path/Frameworks",
					"@loader_path/Frameworks",
				);
				PRODUCT_BUNDLE_IDENTIFIER = solare.io.OnTheMapTests;
				PRODUCT_NAME = "$(TARGET_NAME)";
				SWIFT_VERSION = 4.2;
				TARGETED_DEVICE_FAMILY = "1,2";
				TEST_HOST = "$(BUILT_PRODUCTS_DIR)/OnTheMap.app/OnTheMap";
			};
			name = Debug;
		};
		A9A6FEED21AEBE8800941EF4 /* Release */ = {
			isa = XCBuildConfiguration;
			buildSettings = {
				ALWAYS_EMBED_SWIFT_STANDARD_LIBRARIES = YES;
				BUNDLE_LOADER = "$(TEST_HOST)";
				CODE_SIGN_STYLE = Automatic;
				DEVELOPMENT_TEAM = 4RGRETYKQ9;
				INFOPLIST_FILE = OnTheMapTests/Info.plist;
				LD_RUNPATH_SEARCH_PATHS = (
					"$(inherited)",
					"@executable_path/Frameworks",
					"@loader_path/Frameworks",
				);
				PRODUCT_BUNDLE_IDENTIFIER = solare.io.OnTheMapTests;
				PRODUCT_NAME = "$(TARGET_NAME)";
				SWIFT_VERSION = 4.2;
				TARGETED_DEVICE_FAMILY = "1,2";
				TEST_HOST = "$(BUILT_PRODUCTS_DIR)/OnTheMap.app/OnTheMap";
			};
			name = Release;
		};
		A9A6FEEF21AEBE8800941EF4 /* Debug */ = {
			isa = XCBuildConfiguration;
			buildSettings = {
				ALWAYS_EMBED_SWIFT_STANDARD_LIBRARIES = YES;
				CODE_SIGN_STYLE = Automatic;
				DEVELOPMENT_TEAM = 4RGRETYKQ9;
				INFOPLIST_FILE = OnTheMapUITests/Info.plist;
				LD_RUNPATH_SEARCH_PATHS = (
					"$(inherited)",
					"@executable_path/Frameworks",
					"@loader_path/Frameworks",
				);
				PRODUCT_BUNDLE_IDENTIFIER = solare.io.OnTheMapUITests;
				PRODUCT_NAME = "$(TARGET_NAME)";
				SWIFT_VERSION = 4.2;
				TARGETED_DEVICE_FAMILY = "1,2";
				TEST_TARGET_NAME = OnTheMap;
			};
			name = Debug;
		};
		A9A6FEF021AEBE8800941EF4 /* Release */ = {
			isa = XCBuildConfiguration;
			buildSettings = {
				ALWAYS_EMBED_SWIFT_STANDARD_LIBRARIES = YES;
				CODE_SIGN_STYLE = Automatic;
				DEVELOPMENT_TEAM = 4RGRETYKQ9;
				INFOPLIST_FILE = OnTheMapUITests/Info.plist;
				LD_RUNPATH_SEARCH_PATHS = (
					"$(inherited)",
					"@executable_path/Frameworks",
					"@loader_path/Frameworks",
				);
				PRODUCT_BUNDLE_IDENTIFIER = solare.io.OnTheMapUITests;
				PRODUCT_NAME = "$(TARGET_NAME)";
				SWIFT_VERSION = 4.2;
				TARGETED_DEVICE_FAMILY = "1,2";
				TEST_TARGET_NAME = OnTheMap;
			};
			name = Release;
		};
/* End XCBuildConfiguration section */

/* Begin XCConfigurationList section */
		A9A6FEBB21AEBE8700941EF4 /* Build configuration list for PBXProject "OnTheMap" */ = {
			isa = XCConfigurationList;
			buildConfigurations = (
				A9A6FEE621AEBE8800941EF4 /* Debug */,
				A9A6FEE721AEBE8800941EF4 /* Release */,
			);
			defaultConfigurationIsVisible = 0;
			defaultConfigurationName = Release;
		};
		A9A6FEE821AEBE8800941EF4 /* Build configuration list for PBXNativeTarget "OnTheMap" */ = {
			isa = XCConfigurationList;
			buildConfigurations = (
				A9A6FEE921AEBE8800941EF4 /* Debug */,
				A9A6FEEA21AEBE8800941EF4 /* Release */,
			);
			defaultConfigurationIsVisible = 0;
			defaultConfigurationName = Release;
		};
		A9A6FEEB21AEBE8800941EF4 /* Build configuration list for PBXNativeTarget "OnTheMapTests" */ = {
			isa = XCConfigurationList;
			buildConfigurations = (
				A9A6FEEC21AEBE8800941EF4 /* Debug */,
				A9A6FEED21AEBE8800941EF4 /* Release */,
			);
			defaultConfigurationIsVisible = 0;
			defaultConfigurationName = Release;
		};
		A9A6FEEE21AEBE8800941EF4 /* Build configuration list for PBXNativeTarget "OnTheMapUITests" */ = {
			isa = XCConfigurationList;
			buildConfigurations = (
				A9A6FEEF21AEBE8800941EF4 /* Debug */,
				A9A6FEF021AEBE8800941EF4 /* Release */,
			);
			defaultConfigurationIsVisible = 0;
			defaultConfigurationName = Release;
		};
/* End XCConfigurationList section */
	};
	rootObject = A9A6FEB821AEBE8700941EF4 /* Project object */;
}
